
Microsoft Visual Studio Solution File, Format Version 12.00
# Visual Studio Version 17
VisualStudioVersion = 17.5.33424.131
MinimumVisualStudioVersion = 10.0.40219.1
Project("{FAE04EC0-301F-11D3-BF4B-00C04F79EFBC}") = "ArraySort", "ArraySort\ArraySort.csproj", "{AF96775A-6F9F-41F4-9C71-1C65FDAADF16}"
EndProject
Global
	GlobalSection(SolutionConfigurationPlatforms) = preSolution
		Debug|Any CPU = Debug|Any CPU
		Release|Any CPU = Release|Any CPU
	EndGlobalSection
	GlobalSection(ProjectConfigurationPlatforms) = postSolution
		{AF96775A-6F9F-41F4-9C71-1C65FDAADF16}.Debug|Any CPU.ActiveCfg = Debug|Any CPU
		{AF96775A-6F9F-41F4-9C71-1C65FDAADF16}.Debug|Any CPU.Build.0 = Debug|Any CPU
		{AF96775A-6F9F-41F4-9C71-1C65FDAADF16}.Release|Any CPU.ActiveCfg = Release|Any CPU
		{AF96775A-6F9F-41F4-9C71-1C65FDAADF16}.Release|Any CPU.Build.0 = Release|Any CPU
	EndGlobalSection
	GlobalSection(SolutionProperties) = preSolution
		HideSolutionNode = FALSE
	EndGlobalSection
	GlobalSection(ExtensibilityGlobals) = postSolution
		SolutionGuid = {B108D5FD-A5CB-4367-A86C-6EA52B860472}
	EndGlobalSection
EndGlobal
